
Microsoft Visual Studio Solution File, Format Version 12.00
# Visual Studio 15
VisualStudioVersion = 15.0.28010.2003
MinimumVisualStudioVersion = 10.0.40219.1
Project("{FAE04EC0-301F-11D3-BF4B-00C04F79EFBC}") = "ThePeopleSearch", "ThePeopleSearch\ThePeopleSearch.csproj", "{D03EAC22-9C21-4844-B03F-734502B639F7}"
	ProjectSection(ProjectDependencies) = postProject
		{ED3761E3-4EB2-4C5F-8732-CCA827414FDE} = {ED3761E3-4EB2-4C5F-8732-CCA827414FDE}
	EndProjectSection
EndProject
Project("{FAE04EC0-301F-11D3-BF4B-00C04F79EFBC}") = "ThePeopleSearch.Tests", "ThePeopleSearch.Tests\ThePeopleSearch.Tests.csproj", "{D6E96CCA-AC2C-43D8-95E5-726838470BAE}"
EndProject
Project("{FAE04EC0-301F-11D3-BF4B-00C04F79EFBC}") = "ThePeopleSearch.WebAPI", "ThePeopleSearch.WebAPI\ThePeopleSearch.WebAPI.csproj", "{3687C84B-06C8-4A25-81A8-D89152B497D0}"
EndProject
Project("{FAE04EC0-301F-11D3-BF4B-00C04F79EFBC}") = "ThePeopleSearch.Data", "ThePeopleSearch.Data\ThePeopleSearch.Data.csproj", "{ED3761E3-4EB2-4C5F-8732-CCA827414FDE}"
EndProject
Global
	GlobalSection(SolutionConfigurationPlatforms) = preSolution
		Debug|Any CPU = Debug|Any CPU
		Release|Any CPU = Release|Any CPU
	EndGlobalSection
	GlobalSection(ProjectConfigurationPlatforms) = postSolution
		{D03EAC22-9C21-4844-B03F-734502B639F7}.Debug|Any CPU.ActiveCfg = Debug|Any CPU
		{D03EAC22-9C21-4844-B03F-734502B639F7}.Debug|Any CPU.Build.0 = Debug|Any CPU
		{D03EAC22-9C21-4844-B03F-734502B639F7}.Release|Any CPU.ActiveCfg = Release|Any CPU
		{D03EAC22-9C21-4844-B03F-734502B639F7}.Release|Any CPU.Build.0 = Release|Any CPU
		{D6E96CCA-AC2C-43D8-95E5-726838470BAE}.Debug|Any CPU.ActiveCfg = Debug|Any CPU
		{D6E96CCA-AC2C-43D8-95E5-726838470BAE}.Debug|Any CPU.Build.0 = Debug|Any CPU
		{D6E96CCA-AC2C-43D8-95E5-726838470BAE}.Release|Any CPU.ActiveCfg = Release|Any CPU
		{D6E96CCA-AC2C-43D8-95E5-726838470BAE}.Release|Any CPU.Build.0 = Release|Any CPU
		{3687C84B-06C8-4A25-81A8-D89152B497D0}.Debug|Any CPU.ActiveCfg = Debug|Any CPU
		{3687C84B-06C8-4A25-81A8-D89152B497D0}.Debug|Any CPU.Build.0 = Debug|Any CPU
		{3687C84B-06C8-4A25-81A8-D89152B497D0}.Release|Any CPU.ActiveCfg = Release|Any CPU
		{3687C84B-06C8-4A25-81A8-D89152B497D0}.Release|Any CPU.Build.0 = Release|Any CPU
		{ED3761E3-4EB2-4C5F-8732-CCA827414FDE}.Debug|Any CPU.ActiveCfg = Debug|Any CPU
		{ED3761E3-4EB2-4C5F-8732-CCA827414FDE}.Debug|Any CPU.Build.0 = Debug|Any CPU
		{ED3761E3-4EB2-4C5F-8732-CCA827414FDE}.Release|Any CPU.ActiveCfg = Release|Any CPU
		{ED3761E3-4EB2-4C5F-8732-CCA827414FDE}.Release|Any CPU.Build.0 = Release|Any CPU
	EndGlobalSection
	GlobalSection(SolutionProperties) = preSolution
		HideSolutionNode = FALSE
	EndGlobalSection
	GlobalSection(ExtensibilityGlobals) = postSolution
		SolutionGuid = {23998139-D3CA-47E9-A443-1BCC1D2E18FD}
	EndGlobalSection
EndGlobal
